
Microsoft Visual Studio Solution File, Format Version 12.00
# Visual Studio Version 17
VisualStudioVersion = 17.14.36811.4 d17.14
MinimumVisualStudioVersion = 10.0.40219.1
Project("{FAE04EC0-301F-11D3-BF4B-00C04F79EFBC}") = "ProjectRenamer", "ProjectRenamer\ProjectRenamer.csproj", "{A0145E2F-BDD7-4EEF-B632-15213B64D2A1}"
EndProject
Global
	GlobalSection(SolutionConfigurationPlatforms) = preSolution
		Debug|Any CPU = Debug|Any CPU
		Release|Any CPU = Release|Any CPU
	EndGlobalSection
	GlobalSection(ProjectConfigurationPlatforms) = postSolution
		{A0145E2F-BDD7-4EEF-B632-15213B64D2A1}.Debug|Any CPU.ActiveCfg = Debug|Any CPU
		{A0145E2F-BDD7-4EEF-B632-15213B64D2A1}.Debug|Any CPU.Build.0 = Debug|Any CPU
		{A0145E2F-BDD7-4EEF-B632-15213B64D2A1}.Release|Any CPU.ActiveCfg = Release|Any CPU
		{A0145E2F-BDD7-4EEF-B632-15213B64D2A1}.Release|Any CPU.Build.0 = Release|Any CPU
	EndGlobalSection
	GlobalSection(SolutionProperties) = preSolution
		HideSolutionNode = FALSE
	EndGlobalSection
	GlobalSection(ExtensibilityGlobals) = postSolution
		SolutionGuid = {841B7F6B-6864-4817-963E-298B1143D815}
	EndGlobalSection
EndGlobal
